// !$*UTF8*$!
{
	archiveVersion = 1;
	classes = {
	};
	objectVersion = 55;
	objects = {

/* Begin PBXBuildFile section */
		16422EDA27282D61000D5D9E /* Pokemon.swift in Sources */ = {isa = PBXBuildFile; fileRef = 16422ED927282D61000D5D9E /* Pokemon.swift */; };
		16422EDC27282D8E000D5D9E /* ListPokemon.swift in Sources */ = {isa = PBXBuildFile; fileRef = 16422EDB27282D8E000D5D9E /* ListPokemon.swift */; };
		16422EDE27282DE7000D5D9E /* API.swift in Sources */ = {isa = PBXBuildFile; fileRef = 16422EDD27282DE7000D5D9E /* API.swift */; };
		16422EE027282EE5000D5D9E /* EndPoint.swift in Sources */ = {isa = PBXBuildFile; fileRef = 16422EDF27282EE4000D5D9E /* EndPoint.swift */; };
		16422EE2272830ED000D5D9E /* HTTPMethod.swift in Sources */ = {isa = PBXBuildFile; fileRef = 16422EE1272830ED000D5D9E /* HTTPMethod.swift */; };
		16422EE427283D54000D5D9E /* Sprites.swift in Sources */ = {isa = PBXBuildFile; fileRef = 16422EE327283D54000D5D9E /* Sprites.swift */; };
		16422EE7272851AB000D5D9E /* Kingfisher in Frameworks */ = {isa = PBXBuildFile; productRef = 16422EE6272851AB000D5D9E /* Kingfisher */; };
		166B203B272B200500AF8247 /* DataBaseController.swift in Sources */ = {isa = PBXBuildFile; fileRef = 166B203A272B200500AF8247 /* DataBaseController.swift */; };
		1699AACE271F9C0B000B061F /* Results.swift in Sources */ = {isa = PBXBuildFile; fileRef = 1699AACD271F9C0B000B061F /* Results.swift */; };
		69250A07271DF72B00B76DA1 /* AppDelegate.swift in Sources */ = {isa = PBXBuildFile; fileRef = 69250A06271DF72B00B76DA1 /* AppDelegate.swift */; };
		69250A10271DF72F00B76DA1 /* Assets.xcassets in Resources */ = {isa = PBXBuildFile; fileRef = 69250A0F271DF72F00B76DA1 /* Assets.xcassets */; };
		69250A13271DF72F00B76DA1 /* LaunchScreen.storyboard in Resources */ = {isa = PBXBuildFile; fileRef = 69250A11271DF72F00B76DA1 /* LaunchScreen.storyboard */; };
		6966AE7D272AD490006E694E /* SGApiError.swift in Sources */ = {isa = PBXBuildFile; fileRef = 6966AE7C272AD490006E694E /* SGApiError.swift */; };
		6966AE80272AD665006E694E /* PokemonData.xcdatamodeld in Sources */ = {isa = PBXBuildFile; fileRef = 6966AE7E272AD665006E694E /* PokemonData.xcdatamodeld */; };
		6966AE83272AD946006E694E /* IntegrationTests.swift in Sources */ = {isa = PBXBuildFile; fileRef = 6966AE82272AD946006E694E /* IntegrationTests.swift */; };
		6966AE87272AE0D4006E694E /* PokemonAPI.swift in Sources */ = {isa = PBXBuildFile; fileRef = 6966AE86272AE0D4006E694E /* PokemonAPI.swift */; };
		6966AE89272AE795006E694E /* PokemonTests.swift in Sources */ = {isa = PBXBuildFile; fileRef = 6966AE88272AE795006E694E /* PokemonTests.swift */; };
		69D4EED32728773B000A61AF /* DetailsViewController.swift in Sources */ = {isa = PBXBuildFile; fileRef = 69D4EED12728773B000A61AF /* DetailsViewController.swift */; };
		69D4EED42728773B000A61AF /* DetailsViewController.xib in Resources */ = {isa = PBXBuildFile; fileRef = 69D4EED22728773B000A61AF /* DetailsViewController.xib */; };
		69F35EAF2721FBDE009F7B8F /* HomeViewController.swift in Sources */ = {isa = PBXBuildFile; fileRef = 69F35EAD2721FBDE009F7B8F /* HomeViewController.swift */; };
		69F35EB02721FBDE009F7B8F /* HomeViewController.xib in Resources */ = {isa = PBXBuildFile; fileRef = 69F35EAE2721FBDE009F7B8F /* HomeViewController.xib */; };
		69F35EB32722085C009F7B8F /* PokemonCollectionViewCell.swift in Sources */ = {isa = PBXBuildFile; fileRef = 69F35EB12722085C009F7B8F /* PokemonCollectionViewCell.swift */; };
		69F35EB42722085C009F7B8F /* PokemonCollectionViewCell.xib in Resources */ = {isa = PBXBuildFile; fileRef = 69F35EB22722085C009F7B8F /* PokemonCollectionViewCell.xib */; };
		88424929272C1F8800B980EE /* Lottie in Frameworks */ = {isa = PBXBuildFile; productRef = 88424928272C1F8800B980EE /* Lottie */; };
		8842492B272C1FAE00B980EE /* loading.json in Resources */ = {isa = PBXBuildFile; fileRef = 8842492A272C1FAE00B980EE /* loading.json */; };
		885352AF2729E9D40063C551 /* FavoriteTableViewCell.swift in Sources */ = {isa = PBXBuildFile; fileRef = 885352AD2729E9D40063C551 /* FavoriteTableViewCell.swift */; };
		885352B02729E9D40063C551 /* FavoriteTableViewCell.xib in Resources */ = {isa = PBXBuildFile; fileRef = 885352AE2729E9D40063C551 /* FavoriteTableViewCell.xib */; };
		88CDB65B272ACB7300A55728 /* FavoriteViewController.swift in Sources */ = {isa = PBXBuildFile; fileRef = 88CDB659272ACB7300A55728 /* FavoriteViewController.swift */; };
		88CDB65C272ACB7300A55728 /* FavoriteViewController.xib in Resources */ = {isa = PBXBuildFile; fileRef = 88CDB65A272ACB7300A55728 /* FavoriteViewController.xib */; };
		88F33BCE2721EDB500D8E35C /* InitialViewController.swift in Sources */ = {isa = PBXBuildFile; fileRef = 88F33BCC2721EDB500D8E35C /* InitialViewController.swift */; };
		88F33BCF2721EDB500D8E35C /* InitialViewController.xib in Resources */ = {isa = PBXBuildFile; fileRef = 88F33BCD2721EDB500D8E35C /* InitialViewController.xib */; };
/* End PBXBuildFile section */

/* Begin PBXContainerItemProxy section */
		69250A1A271DF72F00B76DA1 /* PBXContainerItemProxy */ = {
			isa = PBXContainerItemProxy;
			containerPortal = 692509FB271DF72B00B76DA1 /* Project object */;
			proxyType = 1;
			remoteGlobalIDString = 69250A02271DF72B00B76DA1;
			remoteInfo = ProjetoFinal;
		};
/* End PBXContainerItemProxy section */

/* Begin PBXFileReference section */
		16422ED927282D61000D5D9E /* Pokemon.swift */ = {isa = PBXFileReference; lastKnownFileType = sourcecode.swift; path = Pokemon.swift; sourceTree = "<group>"; };
		16422EDB27282D8E000D5D9E /* ListPokemon.swift */ = {isa = PBXFileReference; lastKnownFileType = sourcecode.swift; path = ListPokemon.swift; sourceTree = "<group>"; };
		16422EDD27282DE7000D5D9E /* API.swift */ = {isa = PBXFileReference; lastKnownFileType = sourcecode.swift; path = API.swift; sourceTree = "<group>"; };
		16422EDF27282EE4000D5D9E /* EndPoint.swift */ = {isa = PBXFileReference; lastKnownFileType = sourcecode.swift; path = EndPoint.swift; sourceTree = "<group>"; };
		16422EE1272830ED000D5D9E /* HTTPMethod.swift */ = {isa = PBXFileReference; lastKnownFileType = sourcecode.swift; path = HTTPMethod.swift; sourceTree = "<group>"; };
		16422EE327283D54000D5D9E /* Sprites.swift */ = {isa = PBXFileReference; lastKnownFileType = sourcecode.swift; path = Sprites.swift; sourceTree = "<group>"; };
		166B203A272B200500AF8247 /* DataBaseController.swift */ = {isa = PBXFileReference; lastKnownFileType = sourcecode.swift; path = DataBaseController.swift; sourceTree = "<group>"; };
		1699AACD271F9C0B000B061F /* Results.swift */ = {isa = PBXFileReference; lastKnownFileType = sourcecode.swift; path = Results.swift; sourceTree = "<group>"; };
		69250A03271DF72B00B76DA1 /* ProjetoFinal.app */ = {isa = PBXFileReference; explicitFileType = wrapper.application; includeInIndex = 0; path = ProjetoFinal.app; sourceTree = BUILT_PRODUCTS_DIR; };
		69250A06271DF72B00B76DA1 /* AppDelegate.swift */ = {isa = PBXFileReference; lastKnownFileType = sourcecode.swift; path = AppDelegate.swift; sourceTree = "<group>"; };
		69250A0F271DF72F00B76DA1 /* Assets.xcassets */ = {isa = PBXFileReference; lastKnownFileType = folder.assetcatalog; path = Assets.xcassets; sourceTree = "<group>"; };
		69250A12271DF72F00B76DA1 /* Base */ = {isa = PBXFileReference; lastKnownFileType = file.storyboard; name = Base; path = Base.lproj/LaunchScreen.storyboard; sourceTree = "<group>"; };
		69250A14271DF72F00B76DA1 /* Info.plist */ = {isa = PBXFileReference; lastKnownFileType = text.plist.xml; path = Info.plist; sourceTree = "<group>"; };
		69250A19271DF72F00B76DA1 /* ProjetoFinalTests.xctest */ = {isa = PBXFileReference; explicitFileType = wrapper.cfbundle; includeInIndex = 0; path = ProjetoFinalTests.xctest; sourceTree = BUILT_PRODUCTS_DIR; };
		6966AE7C272AD490006E694E /* SGApiError.swift */ = {isa = PBXFileReference; lastKnownFileType = sourcecode.swift; path = SGApiError.swift; sourceTree = "<group>"; };
		6966AE7F272AD665006E694E /* PokemonData.xcdatamodel */ = {isa = PBXFileReference; lastKnownFileType = wrapper.xcdatamodel; path = PokemonData.xcdatamodel; sourceTree = "<group>"; };
		6966AE82272AD946006E694E /* IntegrationTests.swift */ = {isa = PBXFileReference; lastKnownFileType = sourcecode.swift; path = IntegrationTests.swift; sourceTree = "<group>"; };
		6966AE86272AE0D4006E694E /* PokemonAPI.swift */ = {isa = PBXFileReference; lastKnownFileType = sourcecode.swift; path = PokemonAPI.swift; sourceTree = "<group>"; };
		6966AE88272AE795006E694E /* PokemonTests.swift */ = {isa = PBXFileReference; lastKnownFileType = sourcecode.swift; path = PokemonTests.swift; sourceTree = "<group>"; };
		69D4EED12728773B000A61AF /* DetailsViewController.swift */ = {isa = PBXFileReference; lastKnownFileType = sourcecode.swift; path = DetailsViewController.swift; sourceTree = "<group>"; };
		69D4EED22728773B000A61AF /* DetailsViewController.xib */ = {isa = PBXFileReference; lastKnownFileType = file.xib; path = DetailsViewController.xib; sourceTree = "<group>"; };
		69F35EAD2721FBDE009F7B8F /* HomeViewController.swift */ = {isa = PBXFileReference; lastKnownFileType = sourcecode.swift; path = HomeViewController.swift; sourceTree = "<group>"; };
		69F35EAE2721FBDE009F7B8F /* HomeViewController.xib */ = {isa = PBXFileReference; lastKnownFileType = file.xib; path = HomeViewController.xib; sourceTree = "<group>"; };
		69F35EB12722085C009F7B8F /* PokemonCollectionViewCell.swift */ = {isa = PBXFileReference; lastKnownFileType = sourcecode.swift; path = PokemonCollectionViewCell.swift; sourceTree = "<group>"; };
		69F35EB22722085C009F7B8F /* PokemonCollectionViewCell.xib */ = {isa = PBXFileReference; lastKnownFileType = file.xib; path = PokemonCollectionViewCell.xib; sourceTree = "<group>"; };
		8842492A272C1FAE00B980EE /* loading.json */ = {isa = PBXFileReference; fileEncoding = 4; lastKnownFileType = text.json; path = loading.json; sourceTree = "<group>"; };
		885352AD2729E9D40063C551 /* FavoriteTableViewCell.swift */ = {isa = PBXFileReference; lastKnownFileType = sourcecode.swift; path = FavoriteTableViewCell.swift; sourceTree = "<group>"; };
		885352AE2729E9D40063C551 /* FavoriteTableViewCell.xib */ = {isa = PBXFileReference; lastKnownFileType = file.xib; path = FavoriteTableViewCell.xib; sourceTree = "<group>"; };
		88A9D8842729BE40008893D2 /* README.md */ = {isa = PBXFileReference; lastKnownFileType = net.daringfireball.markdown; path = README.md; sourceTree = "<group>"; };
		88CDB659272ACB7300A55728 /* FavoriteViewController.swift */ = {isa = PBXFileReference; lastKnownFileType = sourcecode.swift; path = FavoriteViewController.swift; sourceTree = "<group>"; };
		88CDB65A272ACB7300A55728 /* FavoriteViewController.xib */ = {isa = PBXFileReference; lastKnownFileType = file.xib; path = FavoriteViewController.xib; sourceTree = "<group>"; };
		88F33BCC2721EDB500D8E35C /* InitialViewController.swift */ = {isa = PBXFileReference; lastKnownFileType = sourcecode.swift; path = InitialViewController.swift; sourceTree = "<group>"; };
		88F33BCD2721EDB500D8E35C /* InitialViewController.xib */ = {isa = PBXFileReference; lastKnownFileType = file.xib; path = InitialViewController.xib; sourceTree = "<group>"; };
/* End PBXFileReference section */

/* Begin PBXFrameworksBuildPhase section */
		69250A00271DF72B00B76DA1 /* Frameworks */ = {
			isa = PBXFrameworksBuildPhase;
			buildActionMask = 2147483647;
			files = (
				16422EE7272851AB000D5D9E /* Kingfisher in Frameworks */,
				88424929272C1F8800B980EE /* Lottie in Frameworks */,
			);
			runOnlyForDeploymentPostprocessing = 0;
		};
		69250A16271DF72F00B76DA1 /* Frameworks */ = {
			isa = PBXFrameworksBuildPhase;
			buildActionMask = 2147483647;
			files = (
			);
			runOnlyForDeploymentPostprocessing = 0;
		};
/* End PBXFrameworksBuildPhase section */

/* Begin PBXGroup section */
		1699AACC271F9BEE000B061F /* Models */ = {
			isa = PBXGroup;
			children = (
				88A9D8832729B270008893D2 /* Enums */,
				16422EDD27282DE7000D5D9E /* API.swift */,
				1699AACD271F9C0B000B061F /* Results.swift */,
				16422ED927282D61000D5D9E /* Pokemon.swift */,
				16422EDB27282D8E000D5D9E /* ListPokemon.swift */,
				16422EE327283D54000D5D9E /* Sprites.swift */,
				6966AE86272AE0D4006E694E /* PokemonAPI.swift */,
			);
			path = Models;
			sourceTree = "<group>";
		};
		692509FA271DF72B00B76DA1 = {
			isa = PBXGroup;
			children = (
				69250A05271DF72B00B76DA1 /* ProjetoFinal */,
				69250A1C271DF72F00B76DA1 /* ProjetoFinalTests */,
				69250A04271DF72B00B76DA1 /* Products */,
			);
			sourceTree = "<group>";
		};
		69250A04271DF72B00B76DA1 /* Products */ = {
			isa = PBXGroup;
			children = (
				69250A03271DF72B00B76DA1 /* ProjetoFinal.app */,
				69250A19271DF72F00B76DA1 /* ProjetoFinalTests.xctest */,
			);
			name = Products;
			sourceTree = "<group>";
		};
		69250A05271DF72B00B76DA1 /* ProjetoFinal */ = {
			isa = PBXGroup;
			children = (
				1699AACC271F9BEE000B061F /* Models */,
				88F33BC92721ED4700D8E35C /* View */,
				88F33BCA2721ED4F00D8E35C /* Controller */,
				69250A06271DF72B00B76DA1 /* AppDelegate.swift */,
				8842492A272C1FAE00B980EE /* loading.json */,
				69250A0F271DF72F00B76DA1 /* Assets.xcassets */,
				69250A14271DF72F00B76DA1 /* Info.plist */,
				6966AE7E272AD665006E694E /* PokemonData.xcdatamodeld */,
				88A9D8842729BE40008893D2 /* README.md */,
				166B203A272B200500AF8247 /* DataBaseController.swift */,
			);
			path = ProjetoFinal;
			sourceTree = "<group>";
		};
		69250A1C271DF72F00B76DA1 /* ProjetoFinalTests */ = {
			isa = PBXGroup;
			children = (
				6966AE82272AD946006E694E /* IntegrationTests.swift */,
				6966AE88272AE795006E694E /* PokemonTests.swift */,
				6966AE81272AD8D3006E694E /* Helper */,
			);
			path = ProjetoFinalTests;
			sourceTree = "<group>";
		};
		6966AE81272AD8D3006E694E /* Helper */ = {
			isa = PBXGroup;
			children = (
			);
			path = Helper;
			sourceTree = "<group>";
		};
		88A9D8832729B270008893D2 /* Enums */ = {
			isa = PBXGroup;
			children = (
				16422EDF27282EE4000D5D9E /* EndPoint.swift */,
				16422EE1272830ED000D5D9E /* HTTPMethod.swift */,
				6966AE7C272AD490006E694E /* SGApiError.swift */,
			);
			path = Enums;
			sourceTree = "<group>";
		};
		88F33BC92721ED4700D8E35C /* View */ = {
			isa = PBXGroup;
			children = (
				69250A11271DF72F00B76DA1 /* LaunchScreen.storyboard */,
				88F33BCD2721EDB500D8E35C /* InitialViewController.xib */,
				69F35EAE2721FBDE009F7B8F /* HomeViewController.xib */,
				69F35EB22722085C009F7B8F /* PokemonCollectionViewCell.xib */,
				69D4EED22728773B000A61AF /* DetailsViewController.xib */,
				885352AE2729E9D40063C551 /* FavoriteTableViewCell.xib */,
				88CDB65A272ACB7300A55728 /* FavoriteViewController.xib */,
			);
			path = View;
			sourceTree = "<group>";
		};
		88F33BCA2721ED4F00D8E35C /* Controller */ = {
			isa = PBXGroup;
			children = (
				69D4EED12728773B000A61AF /* DetailsViewController.swift */,
				88F33BCC2721EDB500D8E35C /* InitialViewController.swift */,
				69F35EAD2721FBDE009F7B8F /* HomeViewController.swift */,
				69F35EB12722085C009F7B8F /* PokemonCollectionViewCell.swift */,
				885352AD2729E9D40063C551 /* FavoriteTableViewCell.swift */,
				88CDB659272ACB7300A55728 /* FavoriteViewController.swift */,
			);
			path = Controller;
			sourceTree = "<group>";
		};
/* End PBXGroup section */

/* Begin PBXNativeTarget section */
		69250A02271DF72B00B76DA1 /* ProjetoFinal */ = {
			isa = PBXNativeTarget;
			buildConfigurationList = 69250A2D271DF72F00B76DA1 /* Build configuration list for PBXNativeTarget "ProjetoFinal" */;
			buildPhases = (
				692509FF271DF72B00B76DA1 /* Sources */,
				69250A00271DF72B00B76DA1 /* Frameworks */,
				69250A01271DF72B00B76DA1 /* Resources */,
			);
			buildRules = (
			);
			dependencies = (
			);
			name = ProjetoFinal;
			packageProductDependencies = (
				16422EE6272851AB000D5D9E /* Kingfisher */,
				88424928272C1F8800B980EE /* Lottie */,
			);
			productName = ProjetoFinal;
			productReference = 69250A03271DF72B00B76DA1 /* ProjetoFinal.app */;
			productType = "com.apple.product-type.application";
		};
		69250A18271DF72F00B76DA1 /* ProjetoFinalTests */ = {
			isa = PBXNativeTarget;
			buildConfigurationList = 69250A30271DF72F00B76DA1 /* Build configuration list for PBXNativeTarget "ProjetoFinalTests" */;
			buildPhases = (
				69250A15271DF72F00B76DA1 /* Sources */,
				69250A16271DF72F00B76DA1 /* Frameworks */,
				69250A17271DF72F00B76DA1 /* Resources */,
			);
			buildRules = (
			);
			dependencies = (
				69250A1B271DF72F00B76DA1 /* PBXTargetDependency */,
			);
			name = ProjetoFinalTests;
			productName = ProjetoFinalTests;
			productReference = 69250A19271DF72F00B76DA1 /* ProjetoFinalTests.xctest */;
			productType = "com.apple.product-type.bundle.unit-test";
		};
/* End PBXNativeTarget section */

/* Begin PBXProject section */
		692509FB271DF72B00B76DA1 /* Project object */ = {
			isa = PBXProject;
			attributes = {
				BuildIndependentTargetsInParallel = 1;
				LastSwiftUpdateCheck = 1300;
				LastUpgradeCheck = 1300;
				TargetAttributes = {
					69250A02271DF72B00B76DA1 = {
						CreatedOnToolsVersion = 13.0;
					};
					69250A18271DF72F00B76DA1 = {
						CreatedOnToolsVersion = 13.0;
						TestTargetID = 69250A02271DF72B00B76DA1;
					};
				};
			};
			buildConfigurationList = 692509FE271DF72B00B76DA1 /* Build configuration list for PBXProject "ProjetoFinal" */;
			compatibilityVersion = "Xcode 13.0";
			developmentRegion = en;
			hasScannedForEncodings = 0;
			knownRegions = (
				en,
				Base,
			);
			mainGroup = 692509FA271DF72B00B76DA1;
			packageReferences = (
				16422EE5272851AB000D5D9E /* XCRemoteSwiftPackageReference "Kingfisher" */,
				88424927272C1F8800B980EE /* XCRemoteSwiftPackageReference "lottie-ios" */,
			);
			productRefGroup = 69250A04271DF72B00B76DA1 /* Products */;
			projectDirPath = "";
			projectRoot = "";
			targets = (
				69250A02271DF72B00B76DA1 /* ProjetoFinal */,
				69250A18271DF72F00B76DA1 /* ProjetoFinalTests */,
			);
		};
/* End PBXProject section */

/* Begin PBXResourcesBuildPhase section */
		69250A01271DF72B00B76DA1 /* Resources */ = {
			isa = PBXResourcesBuildPhase;
			buildActionMask = 2147483647;
			files = (
				69250A13271DF72F00B76DA1 /* LaunchScreen.storyboard in Resources */,
				69250A10271DF72F00B76DA1 /* Assets.xcassets in Resources */,
				88F33BCF2721EDB500D8E35C /* InitialViewController.xib in Resources */,
				69F35EB42722085C009F7B8F /* PokemonCollectionViewCell.xib in Resources */,
				69F35EB02721FBDE009F7B8F /* HomeViewController.xib in Resources */,
				885352B02729E9D40063C551 /* FavoriteTableViewCell.xib in Resources */,
				69D4EED42728773B000A61AF /* DetailsViewController.xib in Resources */,
				88CDB65C272ACB7300A55728 /* FavoriteViewController.xib in Resources */,
				8842492B272C1FAE00B980EE /* loading.json in Resources */,
			);
			runOnlyForDeploymentPostprocessing = 0;
		};
		69250A17271DF72F00B76DA1 /* Resources */ = {
			isa = PBXResourcesBuildPhase;
			buildActionMask = 2147483647;
			files = (
			);
			runOnlyForDeploymentPostprocessing = 0;
		};
/* End PBXResourcesBuildPhase section */

/* Begin PBXSourcesBuildPhase section */
		692509FF271DF72B00B76DA1 /* Sources */ = {
			isa = PBXSourcesBuildPhase;
			buildActionMask = 2147483647;
			files = (
				16422EDA27282D61000D5D9E /* Pokemon.swift in Sources */,
				16422EDC27282D8E000D5D9E /* ListPokemon.swift in Sources */,
				16422EE027282EE5000D5D9E /* EndPoint.swift in Sources */,
				16422EE2272830ED000D5D9E /* HTTPMethod.swift in Sources */,
				69F35EAF2721FBDE009F7B8F /* HomeViewController.swift in Sources */,
				88F33BCE2721EDB500D8E35C /* InitialViewController.swift in Sources */,
				16422EE427283D54000D5D9E /* Sprites.swift in Sources */,
				69250A07271DF72B00B76DA1 /* AppDelegate.swift in Sources */,
				885352AF2729E9D40063C551 /* FavoriteTableViewCell.swift in Sources */,
				6966AE7D272AD490006E694E /* SGApiError.swift in Sources */,
				1699AACE271F9C0B000B061F /* Results.swift in Sources */,
				69F35EB32722085C009F7B8F /* PokemonCollectionViewCell.swift in Sources */,
				88CDB65B272ACB7300A55728 /* FavoriteViewController.swift in Sources */,
				6966AE80272AD665006E694E /* PokemonData.xcdatamodeld in Sources */,
				6966AE87272AE0D4006E694E /* PokemonAPI.swift in Sources */,
				16422EDE27282DE7000D5D9E /* API.swift in Sources */,
				166B203B272B200500AF8247 /* DataBaseController.swift in Sources */,
				69D4EED32728773B000A61AF /* DetailsViewController.swift in Sources */,
			);
			runOnlyForDeploymentPostprocessing = 0;
		};
		69250A15271DF72F00B76DA1 /* Sources */ = {
			isa = PBXSourcesBuildPhase;
			buildActionMask = 2147483647;
			files = (
				6966AE83272AD946006E694E /* IntegrationTests.swift in Sources */,
				6966AE89272AE795006E694E /* PokemonTests.swift in Sources */,
			);
			runOnlyForDeploymentPostprocessing = 0;
		};
/* End PBXSourcesBuildPhase section */

/* Begin PBXTargetDependency section */
		69250A1B271DF72F00B76DA1 /* PBXTargetDependency */ = {
			isa = PBXTargetDependency;
			target = 69250A02271DF72B00B76DA1 /* ProjetoFinal */;
			targetProxy = 69250A1A271DF72F00B76DA1 /* PBXContainerItemProxy */;
		};
/* End PBXTargetDependency section */

/* Begin PBXVariantGroup section */
		69250A11271DF72F00B76DA1 /* LaunchScreen.storyboard */ = {
			isa = PBXVariantGroup;
			children = (
				69250A12271DF72F00B76DA1 /* Base */,
			);
			name = LaunchScreen.storyboard;
			sourceTree = "<group>";
		};
/* End PBXVariantGroup section */

/* Begin XCBuildConfiguration section */
		69250A2B271DF72F00B76DA1 /* Debug */ = {
			isa = XCBuildConfiguration;
			buildSettings = {
				ALWAYS_SEARCH_USER_PATHS = NO;
				CLANG_ANALYZER_NONNULL = YES;
				CLANG_ANALYZER_NUMBER_OBJECT_CONVERSION = YES_AGGRESSIVE;
				CLANG_CXX_LANGUAGE_STANDARD = "gnu++17";
				CLANG_CXX_LIBRARY = "libc++";
				CLANG_ENABLE_MODULES = YES;
				CLANG_ENABLE_OBJC_ARC = YES;
				CLANG_ENABLE_OBJC_WEAK = YES;
				CLANG_WARN_BLOCK_CAPTURE_AUTORELEASING = YES;
				CLANG_WARN_BOOL_CONVERSION = YES;
				CLANG_WARN_COMMA = YES;
				CLANG_WARN_CONSTANT_CONVERSION = YES;
				CLANG_WARN_DEPRECATED_OBJC_IMPLEMENTATIONS = YES;
				CLANG_WARN_DIRECT_OBJC_ISA_USAGE = YES_ERROR;
				CLANG_WARN_DOCUMENTATION_COMMENTS = YES;
				CLANG_WARN_EMPTY_BODY = YES;
				CLANG_WARN_ENUM_CONVERSION = YES;
				CLANG_WARN_INFINITE_RECURSION = YES;
				CLANG_WARN_INT_CONVERSION = YES;
				CLANG_WARN_NON_LITERAL_NULL_CONVERSION = YES;
				CLANG_WARN_OBJC_IMPLICIT_RETAIN_SELF = YES;
				CLANG_WARN_OBJC_LITERAL_CONVERSION = YES;
				CLANG_WARN_OBJC_ROOT_CLASS = YES_ERROR;
				CLANG_WARN_QUOTED_INCLUDE_IN_FRAMEWORK_HEADER = YES;
				CLANG_WARN_RANGE_LOOP_ANALYSIS = YES;
				CLANG_WARN_STRICT_PROTOTYPES = YES;
				CLANG_WARN_SUSPICIOUS_MOVE = YES;
				CLANG_WARN_UNGUARDED_AVAILABILITY = YES_AGGRESSIVE;
				CLANG_WARN_UNREACHABLE_CODE = YES;
				CLANG_WARN__DUPLICATE_METHOD_MATCH = YES;
				COPY_PHASE_STRIP = NO;
				DEBUG_INFORMATION_FORMAT = dwarf;
				ENABLE_STRICT_OBJC_MSGSEND = YES;
				ENABLE_TESTABILITY = YES;
				GCC_C_LANGUAGE_STANDARD = gnu11;
				GCC_DYNAMIC_NO_PIC = NO;
				GCC_NO_COMMON_BLOCKS = YES;
				GCC_OPTIMIZATION_LEVEL = 0;
				GCC_PREPROCESSOR_DEFINITIONS = (
					"DEBUG=1",
					"$(inherited)",
				);
				GCC_WARN_64_TO_32_BIT_CONVERSION = YES;
				GCC_WARN_ABOUT_RETURN_TYPE = YES_ERROR;
				GCC_WARN_UNDECLARED_SELECTOR = YES;
				GCC_WARN_UNINITIALIZED_AUTOS = YES_AGGRESSIVE;
				GCC_WARN_UNUSED_FUNCTION = YES;
				GCC_WARN_UNUSED_VARIABLE = YES;
				IPHONEOS_DEPLOYMENT_TARGET = 15.0;
				MTL_ENABLE_DEBUG_INFO = INCLUDE_SOURCE;
				MTL_FAST_MATH = YES;
				ONLY_ACTIVE_ARCH = YES;
				SDKROOT = iphoneos;
				SWIFT_ACTIVE_COMPILATION_CONDITIONS = DEBUG;
				SWIFT_OPTIMIZATION_LEVEL = "-Onone";
			};
			name = Debug;
		};
		69250A2C271DF72F00B76DA1 /* Release */ = {
			isa = XCBuildConfiguration;
			buildSettings = {
				ALWAYS_SEARCH_USER_PATHS = NO;
				CLANG_ANALYZER_NONNULL = YES;
				CLANG_ANALYZER_NUMBER_OBJECT_CONVERSION = YES_AGGRESSIVE;
				CLANG_CXX_LANGUAGE_STANDARD = "gnu++17";
				CLANG_CXX_LIBRARY = "libc++";
				CLANG_ENABLE_MODULES = YES;
				CLANG_ENABLE_OBJC_ARC = YES;
				CLANG_ENABLE_OBJC_WEAK = YES;
				CLANG_WARN_BLOCK_CAPTURE_AUTORELEASING = YES;
				CLANG_WARN_BOOL_CONVERSION = YES;
				CLANG_WARN_COMMA = YES;
				CLANG_WARN_CONSTANT_CONVERSION = YES;
				CLANG_WARN_DEPRECATED_OBJC_IMPLEMENTATIONS = YES;
				CLANG_WARN_DIRECT_OBJC_ISA_USAGE = YES_ERROR;
				CLANG_WARN_DOCUMENTATION_COMMENTS = YES;
				CLANG_WARN_EMPTY_BODY = YES;
				CLANG_WARN_ENUM_CONVERSION = YES;
				CLANG_WARN_INFINITE_RECURSION = YES;
				CLANG_WARN_INT_CONVERSION = YES;
				CLANG_WARN_NON_LITERAL_NULL_CONVERSION = YES;
				CLANG_WARN_OBJC_IMPLICIT_RETAIN_SELF = YES;
				CLANG_WARN_OBJC_LITERAL_CONVERSION = YES;
				CLANG_WARN_OBJC_ROOT_CLASS = YES_ERROR;
				CLANG_WARN_QUOTED_INCLUDE_IN_FRAMEWORK_HEADER = YES;
				CLANG_WARN_RANGE_LOOP_ANALYSIS = YES;
				CLANG_WARN_STRICT_PROTOTYPES = YES;
				CLANG_WARN_SUSPICIOUS_MOVE = YES;
				CLANG_WARN_UNGUARDED_AVAILABILITY = YES_AGGRESSIVE;
				CLANG_WARN_UNREACHABLE_CODE = YES;
				CLANG_WARN__DUPLICATE_METHOD_MATCH = YES;
				COPY_PHASE_STRIP = NO;
				DEBUG_INFORMATION_FORMAT = "dwarf-with-dsym";
				ENABLE_NS_ASSERTIONS = NO;
				ENABLE_STRICT_OBJC_MSGSEND = YES;
				GCC_C_LANGUAGE_STANDARD = gnu11;
				GCC_NO_COMMON_BLOCKS = YES;
				GCC_WARN_64_TO_32_BIT_CONVERSION = YES;
				GCC_WARN_ABOUT_RETURN_TYPE = YES_ERROR;
				GCC_WARN_UNDECLARED_SELECTOR = YES;
				GCC_WARN_UNINITIALIZED_AUTOS = YES_AGGRESSIVE;
				GCC_WARN_UNUSED_FUNCTION = YES;
				GCC_WARN_UNUSED_VARIABLE = YES;
				IPHONEOS_DEPLOYMENT_TARGET = 15.0;
				MTL_ENABLE_DEBUG_INFO = NO;
				MTL_FAST_MATH = YES;
				SDKROOT = iphoneos;
				SWIFT_COMPILATION_MODE = wholemodule;
				SWIFT_OPTIMIZATION_LEVEL = "-O";
				VALIDATE_PRODUCT = YES;
			};
			name = Release;
		};
		69250A2E271DF72F00B76DA1 /* Debug */ = {
			isa = XCBuildConfiguration;
			buildSettings = {
				ASSETCATALOG_COMPILER_APPICON_NAME = AppIcon;
				ASSETCATALOG_COMPILER_GLOBAL_ACCENT_COLOR_NAME = AccentColor;
				CODE_SIGN_STYLE = Automatic;
				CURRENT_PROJECT_VERSION = 1;
				DEVELOPMENT_TEAM = 39AJ27VU38;
				GENERATE_INFOPLIST_FILE = YES;
				INFOPLIST_FILE = ProjetoFinal/Info.plist;
				INFOPLIST_KEY_UIApplicationSupportsIndirectInputEvents = YES;
				INFOPLIST_KEY_UILaunchStoryboardName = LaunchScreen;
				INFOPLIST_KEY_UISupportedInterfaceOrientations_iPad = "UIInterfaceOrientationPortrait UIInterfaceOrientationPortraitUpsideDown UIInterfaceOrientationLandscapeLeft UIInterfaceOrientationLandscapeRight";
				INFOPLIST_KEY_UISupportedInterfaceOrientations_iPhone = "UIInterfaceOrientationPortrait UIInterfaceOrientationLandscapeLeft UIInterfaceOrientationLandscapeRight";
				LD_RUNPATH_SEARCH_PATHS = (
					"$(inherited)",
					"@executable_path/Frameworks",
				);
				MARKETING_VERSION = 1.0;
				PRODUCT_BUNDLE_IDENTIFIER = mariaVaiComAsDevs.ProjetoFinal;
				PRODUCT_NAME = "$(TARGET_NAME)";
				SWIFT_EMIT_LOC_STRINGS = YES;
				SWIFT_VERSION = 5.0;
				TARGETED_DEVICE_FAMILY = 1;
			};
			name = Debug;
		};
		69250A2F271DF72F00B76DA1 /* Release */ = {
			isa = XCBuildConfiguration;
			buildSettings = {
				ASSETCATALOG_COMPILER_APPICON_NAME = AppIcon;
				ASSETCATALOG_COMPILER_GLOBAL_ACCENT_COLOR_NAME = AccentColor;
				CODE_SIGN_STYLE = Automatic;
				CURRENT_PROJECT_VERSION = 1;
				DEVELOPMENT_TEAM = 39AJ27VU38;
				GENERATE_INFOPLIST_FILE = YES;
				INFOPLIST_FILE = ProjetoFinal/Info.plist;
				INFOPLIST_KEY_UIApplicationSupportsIndirectInputEvents = YES;
				INFOPLIST_KEY_UILaunchStoryboardName = LaunchScreen;
				INFOPLIST_KEY_UISupportedInterfaceOrientations_iPad = "UIInterfaceOrientationPortrait UIInterfaceOrientationPortraitUpsideDown UIInterfaceOrientationLandscapeLeft UIInterfaceOrientationLandscapeRight";
				INFOPLIST_KEY_UISupportedInterfaceOrientations_iPhone = "UIInterfaceOrientationPortrait UIInterfaceOrientationLandscapeLeft UIInterfaceOrientationLandscapeRight";
				LD_RUNPATH_SEARCH_PATHS = (
					"$(inherited)",
					"@executable_path/Frameworks",
				);
				MARKETING_VERSION = 1.0;
				PRODUCT_BUNDLE_IDENTIFIER = mariaVaiComAsDevs.ProjetoFinal;
				PRODUCT_NAME = "$(TARGET_NAME)";
				SWIFT_EMIT_LOC_STRINGS = YES;
				SWIFT_VERSION = 5.0;
				TARGETED_DEVICE_FAMILY = 1;
			};
			name = Release;
		};
		69250A31271DF72F00B76DA1 /* Debug */ = {
			isa = XCBuildConfiguration;
			buildSettings = {
				ALWAYS_EMBED_SWIFT_STANDARD_LIBRARIES = YES;
				BUNDLE_LOADER = "$(TEST_HOST)";
				CODE_SIGN_STYLE = Automatic;
				CURRENT_PROJECT_VERSION = 1;
				DEVELOPMENT_TEAM = 39AJ27VU38;
				GENERATE_INFOPLIST_FILE = YES;
				IPHONEOS_DEPLOYMENT_TARGET = 15.0;
				LD_RUNPATH_SEARCH_PATHS = (
					"$(inherited)",
					"@executable_path/Frameworks",
					"@loader_path/Frameworks",
				);
				MARKETING_VERSION = 1.0;
				PRODUCT_BUNDLE_IDENTIFIER = mariaVaiComAsDevs.ProjetoFinalTests;
				PRODUCT_NAME = "$(TARGET_NAME)";
				SWIFT_EMIT_LOC_STRINGS = NO;
				SWIFT_VERSION = 5.0;
				TARGETED_DEVICE_FAMILY = "1,2";
				TEST_HOST = "$(BUILT_PRODUCTS_DIR)/ProjetoFinal.app/ProjetoFinal";
			};
			name = Debug;
		};
		69250A32271DF72F00B76DA1 /* Release */ = {
			isa = XCBuildConfiguration;
			buildSettings = {
				ALWAYS_EMBED_SWIFT_STANDARD_LIBRARIES = YES;
				BUNDLE_LOADER = "$(TEST_HOST)";
				CODE_SIGN_STYLE = Automatic;
				CURRENT_PROJECT_VERSION = 1;
				DEVELOPMENT_TEAM = 39AJ27VU38;
				GENERATE_INFOPLIST_FILE = YES;
				IPHONEOS_DEPLOYMENT_TARGET = 15.0;
				LD_RUNPATH_SEARCH_PATHS = (
					"$(inherited)",
					"@executable_path/Frameworks",
					"@loader_path/Frameworks",
				);
				MARKETING_VERSION = 1.0;
				PRODUCT_BUNDLE_IDENTIFIER = mariaVaiComAsDevs.ProjetoFinalTests;
				PRODUCT_NAME = "$(TARGET_NAME)";
				SWIFT_EMIT_LOC_STRINGS = NO;
				SWIFT_VERSION = 5.0;
				TARGETED_DEVICE_FAMILY = "1,2";
				TEST_HOST = "$(BUILT_PRODUCTS_DIR)/ProjetoFinal.app/ProjetoFinal";
			};
			name = Release;
		};
/* End XCBuildConfiguration section */

/* Begin XCConfigurationList section */
		692509FE271DF72B00B76DA1 /* Build configuration list for PBXProject "ProjetoFinal" */ = {
			isa = XCConfigurationList;
			buildConfigurations = (
				69250A2B271DF72F00B76DA1 /* Debug */,
				69250A2C271DF72F00B76DA1 /* Release */,
			);
			defaultConfigurationIsVisible = 0;
			defaultConfigurationName = Release;
		};
		69250A2D271DF72F00B76DA1 /* Build configuration list for PBXNativeTarget "ProjetoFinal" */ = {
			isa = XCConfigurationList;
			buildConfigurations = (
				69250A2E271DF72F00B76DA1 /* Debug */,
				69250A2F271DF72F00B76DA1 /* Release */,
			);
			defaultConfigurationIsVisible = 0;
			defaultConfigurationName = Release;
		};
		69250A30271DF72F00B76DA1 /* Build configuration list for PBXNativeTarget "ProjetoFinalTests" */ = {
			isa = XCConfigurationList;
			buildConfigurations = (
				69250A31271DF72F00B76DA1 /* Debug */,
				69250A32271DF72F00B76DA1 /* Release */,
			);
			defaultConfigurationIsVisible = 0;
			defaultConfigurationName = Release;
		};
/* End XCConfigurationList section */

/* Begin XCRemoteSwiftPackageReference section */
		16422EE5272851AB000D5D9E /* XCRemoteSwiftPackageReference "Kingfisher" */ = {
			isa = XCRemoteSwiftPackageReference;
			repositoryURL = "https://github.com/onevcat/Kingfisher.git";
			requirement = {
				kind = upToNextMajorVersion;
				minimumVersion = 7.0.0;
			};
		};
		88424927272C1F8800B980EE /* XCRemoteSwiftPackageReference "lottie-ios" */ = {
			isa = XCRemoteSwiftPackageReference;
			repositoryURL = "https://github.com/airbnb/lottie-ios";
			requirement = {
				kind = upToNextMajorVersion;
				minimumVersion = 3.0.0;
			};
		};
/* End XCRemoteSwiftPackageReference section */

/* Begin XCSwiftPackageProductDependency section */
		16422EE6272851AB000D5D9E /* Kingfisher */ = {
			isa = XCSwiftPackageProductDependency;
			package = 16422EE5272851AB000D5D9E /* XCRemoteSwiftPackageReference "Kingfisher" */;
			productName = Kingfisher;
		};
		88424928272C1F8800B980EE /* Lottie */ = {
			isa = XCSwiftPackageProductDependency;
			package = 88424927272C1F8800B980EE /* XCRemoteSwiftPackageReference "lottie-ios" */;
			productName = Lottie;
		};
/* End XCSwiftPackageProductDependency section */

/* Begin XCVersionGroup section */
		6966AE7E272AD665006E694E /* PokemonData.xcdatamodeld */ = {
			isa = XCVersionGroup;
			children = (
				6966AE7F272AD665006E694E /* PokemonData.xcdatamodel */,
			);
			currentVersion = 6966AE7F272AD665006E694E /* PokemonData.xcdatamodel */;
			path = PokemonData.xcdatamodeld;
			sourceTree = "<group>";
			versionGroupType = wrapper.xcdatamodel;
		};
/* End XCVersionGroup section */
	};
	rootObject = 692509FB271DF72B00B76DA1 /* Project object */;
}
